PODS:
  - Flutter (1.0.0)
  - flutter_dial_go (0.0.1):
    - Flutter

DEPENDENCIES:
  - Flutter (from `.symlinks/flutter/ios`)
  - flutter_dial_go (from `.symlinks/plugins/flutter_dial_go/ios`)

EXTERNAL SOURCES:
  Flutter:
    :path: ".symlinks/flutter/ios"
  flutter_dial_go:
    :path: ".symlinks/plugins/flutter_dial_go/ios"

SPEC CHECKSUMS:
  Flutter: 9d0fac939486c9aba2809b7982dfdbb47a7b0296
  flutter_dial_go: 1a97a44ab836207942379340e5abc90be2967fda

PODFILE CHECKSUM: 7765ea4305eaab0b3dfd384c7de11902aa3195fd

COCOAPODS: 1.5.3
